PODS:
  - Backtrace (1.6.0):
    - Backtrace-PLCrashReporter
  - Backtrace-PLCrashReporter (1.5.4)
  - Nimble (9.0.0)
  - Quick (3.1.2)

DEPENDENCIES:
  - Backtrace (from `./Backtrace.podspec`)
  - Backtrace-PLCrashReporter
  - Nimble
  - Quick

SPEC REPOS:
  trunk:
    - Backtrace-PLCrashReporter
    - Nimble
    - Quick

EXTERNAL SOURCES:
  Backtrace:
    :path: "./Backtrace.podspec"

SPEC CHECKSUMS:
  Backtrace: 90e82b3be4a6bde054dcb4663511a37113c348a8
  Backtrace-PLCrashReporter: 65b9aae5468bb6af6b55b88de22b49e031331054
  Nimble: 3b4ec3fd40f1dc178058e0981107721c615643d8
  Quick: 60f0ea3b8e0cfc0df3259a5c06a238ad8b3c46e0

PODFILE CHECKSUM: afc46274bf1938dc457973360b3e30ff7b342057

COCOAPODS: 1.10.1
