PODS:
  - Nimble (7.3.1)
  - PLCrashReporter (1.4.0.0)
  - Quick (1.3.2)
  - SwiftLint (0.29.3)

DEPENDENCIES:
  - Nimble
  - PLCrashReporter (from `https://github.com/apptailors/plcrashreporter.git`, branch `backtrace`)
  - Quick
  - SwiftLint

SPEC REPOS:
  https://github.com/cocoapods/specs.git:
    - Nimble
    - Quick
    - SwiftLint

EXTERNAL SOURCES:
  PLCrashReporter:
    :branch: backtrace
    :git: https://github.com/apptailors/plcrashreporter.git

CHECKOUT OPTIONS:
  PLCrashReporter:
    :commit: 8c64c024cff47304f90cea32bffeb16903ad1092
    :git: https://github.com/apptailors/plcrashreporter.git

SPEC CHECKSUMS:
  Nimble: 04f732da099ea4d153122aec8c2a88fd0c7219ae
  PLCrashReporter: 0942ec27e39aba40115b0f6e6d7cc80651061dde
  Quick: 2623cb30d7a7f41ca62f684f679586558f483d46
  SwiftLint: bfa7ca7b4d170cfaf0d236ca3ffd969e88a2f002

PODFILE CHECKSUM: cdc250c96303f08d3d2f5f5508f185658c409ef2

COCOAPODS: 1.5.3
