<?xml version="1.0" encoding="UTF-8"?>
<Scheme
   LastUpgradeVersion = "1420"
   version = "1.3">
   <BuildAction
      parallelizeBuildables = "YES"
      buildImplicitDependencies = "YES">
      <BuildActionEntries>
         <BuildActionEntry
            buildForTesting = "YES"
            buildForRunning = "YES"
            buildForProfiling = "YES"
            buildForArchiving = "YES"
            buildForAnalyzing = "YES">
            <BuildableReference
               BuildableIdentifier = "primary"
               BlueprintIdentifier = "Backtrace_Backtrace"
               BuildableName = "Backtrace_Backtrace"
               BlueprintName = "Backtrace_Backtrace"
               ReferencedContainer = "container:">
            </BuildableReference>
         </BuildActionEntry>
         <BuildActionEntry
            buildForTesting = "YES"
            buildForRunning = "YES"
            buildForProfiling = "YES"
            buildForArchiving = "YES"
            buildForAnalyzing = "YES">
            <BuildableReference
               BuildableIdentifier = "primary"
               BlueprintIdentifier = "Backtrace"
               BuildableName = "Backtrace"
               BlueprintName = "Backtrace"
               ReferencedContainer = "container:">
            </BuildableReference>
         </BuildActionEntry>
         <BuildActionEntry
            buildForTesting = "YES"
            buildForRunning = "YES"
            buildForProfiling = "NO"
            buildForArchiving = "NO"
            buildForAnalyzing = "YES">
            <BuildableReference
               BuildableIdentifier = "primary"
               BlueprintIdentifier = "Backtrace-iOSTests"
               BuildableName = "Backtrace-iOSTests"
               BlueprintName = "Backtrace-iOSTests"
               ReferencedContainer = "container:">
            </BuildableReference>
         </BuildActionEntry>
         <BuildActionEntry
            buildForTesting = "YES"
            buildForRunning = "YES"
            buildForProfiling = "YES"
            buildForArchiving = "YES"
            buildForAnalyzing = "YES">
            <BuildableReference
               BuildableIdentifier = "primary"
               BlueprintIdentifier = "Backtrace_Backtrace-iOSTests"
               BuildableName = "Backtrace_Backtrace-iOSTests"
               BlueprintName = "Backtrace_Backtrace-iOSTests"
               ReferencedContainer = "container:">
            </BuildableReference>
         </BuildActionEntry>
         <BuildActionEntry
            buildForTesting = "YES"
            buildForRunning = "YES"
            buildForProfiling = "YES"
            buildForArchiving = "YES"
            buildForAnalyzing = "YES">
            <BuildableReference
               BuildableIdentifier = "primary"
               BlueprintIdentifier = "Backtrace_Backtrace-Tests"
               BuildableName = "Backtrace_Backtrace-Tests"
               BlueprintName = "Backtrace_Backtrace-Tests"
               ReferencedContainer = "container:">
            </BuildableReference>
         </BuildActionEntry>
      </BuildActionEntries>
   </BuildAction>
   <TestAction
      buildConfiguration = "Debug"
      selectedDebuggerIdentifier = "Xcode.DebuggerFoundation.Debugger.LLDB"
      selectedLauncherIdentifier = "Xcode.DebuggerFoundation.Launcher.LLDB"
      shouldUseLaunchSchemeArgsEnv = "YES">
      <Testables>
         <TestableReference
            skipped = "NO">
            <BuildableReference
               BuildableIdentifier = "primary"
               BlueprintIdentifier = "Backtrace-iOSTests"
               BuildableName = "Backtrace-iOSTests"
               BlueprintName = "Backtrace-iOSTests"
               ReferencedContainer = "container:">
            </BuildableReference>
            <SkippedTests>
               <Test
                  Identifier = "BacktraceBreadcrumbTests">
               </Test>
               <Test
                  Identifier = "SummedEventsTests">
               </Test>
               <Test
                  Identifier = "UniqueEventsTests">
               </Test>
            </SkippedTests>
         </TestableReference>
         <TestableReference
            skipped = "NO">
            <BuildableReference
               BuildableIdentifier = "primary"
               BlueprintIdentifier = "Backtrace-Tests"
               BuildableName = "Backtrace-Tests"
               BlueprintName = "Backtrace-Tests"
               ReferencedContainer = "container:">
            </BuildableReference>
         </TestableReference>
      </Testables>
   </TestAction>
   <LaunchAction
      buildConfiguration = "Debug"
      selectedDebuggerIdentifier = "Xcode.DebuggerFoundation.Debugger.LLDB"
      selectedLauncherIdentifier = "Xcode.DebuggerFoundation.Launcher.LLDB"
      launchStyle = "0"
      useCustomWorkingDirectory = "NO"
      ignoresPersistentStateOnLaunch = "NO"
      debugDocumentVersioning = "YES"
      debugServiceExtension = "internal"
      allowLocationSimulation = "YES">
   </LaunchAction>
   <ProfileAction
      buildConfiguration = "Release"
      shouldUseLaunchSchemeArgsEnv = "YES"
      savedToolIdentifier = ""
      useCustomWorkingDirectory = "NO"
      debugDocumentVersioning = "YES">
      <MacroExpansion>
         <BuildableReference
            BuildableIdentifier = "primary"
            BlueprintIdentifier = "Backtrace_Backtrace"
            BuildableName = "Backtrace_Backtrace"
            BlueprintName = "Backtrace_Backtrace"
            ReferencedContainer = "container:">
         </BuildableReference>
      </MacroExpansion>
   </ProfileAction>
   <AnalyzeAction
      buildConfiguration = "Debug">
   </AnalyzeAction>
   <ArchiveAction
      buildConfiguration = "Release"
      revealArchiveInOrganizer = "YES">
   </ArchiveAction>
</Scheme>
